
Microsoft Visual Studio Solution File, Format Version 12.00
# Visual Studio 2013
VisualStudioVersion = 12.0.30110.0
MinimumVisualStudioVersion = 10.0.40219.1
Project("{FAE04EC0-301F-11D3-BF4B-00C04F79EFBC}") = "WechatLibrary", "WechatLibrary\WechatLibrary.csproj", "{814C873C-8BC6-483C-A269-D4454066738E}"
EndProject
Project("{7CF6DF6D-3B04-46F8-A40B-537D21BCA0B4}") = "WechatLibraryDocumentation", "WechatLibraryDocumentation\WechatLibraryDocumentation.shfbproj", "{D063B83D-EE0E-43DF-B758-04A479F9BFB0}"
EndProject
Project("{FAE04EC0-301F-11D3-BF4B-00C04F79EFBC}") = "WebFormTest", "WebFormTest\WebFormTest.csproj", "{AE38A360-DAA0-4180-ADDE-E4DCEF3BF862}"
EndProject
Project("{FAE04EC0-301F-11D3-BF4B-00C04F79EFBC}") = "ConsoleTest", "ConsoleTest\ConsoleTest.csproj", "{C2FBB480-D81D-4528-AB1E-540BACE93BCA}"
EndProject
Project("{FAE04EC0-301F-11D3-BF4B-00C04F79EFBC}") = "MvcTest", "MvcTest\MvcTest.csproj", "{122C2851-4735-4B6B-8258-B4A48EC4747F}"
EndProject
Global
	GlobalSection(SolutionConfigurationPlatforms) = preSolution
		Debug|Any CPU = Debug|Any CPU
		Release|Any CPU = Release|Any CPU
	EndGlobalSection
	GlobalSection(ProjectConfigurationPlatforms) = postSolution
		{814C873C-8BC6-483C-A269-D4454066738E}.Debug|Any CPU.ActiveCfg = Debug|Any CPU
		{814C873C-8BC6-483C-A269-D4454066738E}.Debug|Any CPU.Build.0 = Debug|Any CPU
		{814C873C-8BC6-483C-A269-D4454066738E}.Release|Any CPU.ActiveCfg = Release|Any CPU
		{814C873C-8BC6-483C-A269-D4454066738E}.Release|Any CPU.Build.0 = Release|Any CPU
		{D063B83D-EE0E-43DF-B758-04A479F9BFB0}.Debug|Any CPU.ActiveCfg = Debug|Any CPU
		{D063B83D-EE0E-43DF-B758-04A479F9BFB0}.Debug|Any CPU.Build.0 = Debug|Any CPU
		{D063B83D-EE0E-43DF-B758-04A479F9BFB0}.Release|Any CPU.ActiveCfg = Release|Any CPU
		{D063B83D-EE0E-43DF-B758-04A479F9BFB0}.Release|Any CPU.Build.0 = Release|Any CPU
		{AE38A360-DAA0-4180-ADDE-E4DCEF3BF862}.Debug|Any CPU.ActiveCfg = Debug|Any CPU
		{AE38A360-DAA0-4180-ADDE-E4DCEF3BF862}.Debug|Any CPU.Build.0 = Debug|Any CPU
		{AE38A360-DAA0-4180-ADDE-E4DCEF3BF862}.Release|Any CPU.ActiveCfg = Release|Any CPU
		{AE38A360-DAA0-4180-ADDE-E4DCEF3BF862}.Release|Any CPU.Build.0 = Release|Any CPU
		{C2FBB480-D81D-4528-AB1E-540BACE93BCA}.Debug|Any CPU.ActiveCfg = Debug|Any CPU
		{C2FBB480-D81D-4528-AB1E-540BACE93BCA}.Debug|Any CPU.Build.0 = Debug|Any CPU
		{C2FBB480-D81D-4528-AB1E-540BACE93BCA}.Release|Any CPU.ActiveCfg = Release|Any CPU
		{C2FBB480-D81D-4528-AB1E-540BACE93BCA}.Release|Any CPU.Build.0 = Release|Any CPU
		{122C2851-4735-4B6B-8258-B4A48EC4747F}.Debug|Any CPU.ActiveCfg = Debug|Any CPU
		{122C2851-4735-4B6B-8258-B4A48EC4747F}.Debug|Any CPU.Build.0 = Debug|Any CPU
		{122C2851-4735-4B6B-8258-B4A48EC4747F}.Release|Any CPU.ActiveCfg = Release|Any CPU
		{122C2851-4735-4B6B-8258-B4A48EC4747F}.Release|Any CPU.Build.0 = Release|Any CPU
	EndGlobalSection
	GlobalSection(SolutionProperties) = preSolution
		HideSolutionNode = FALSE
	EndGlobalSection
EndGlobal
